{
  "name": "xeco.themegenix.net",
  "version": "1.0.0",
  "lockfileVersion": 3,
  "requires": true,
  "packages": {
    "": {
      "name": "xeco.themegenix.net",
      "version": "1.0.0",
      "license": "ISC",
      "dependencies": {
        "@splinetool/loader": "^1.8.3",
        "three": "^0.166.0"
      }
    },
    "node_modules/@splinetool/loader": {
      "version": "1.8.3",
      "resolved": "https://registry.npmjs.org/@splinetool/loader/-/loader-1.8.3.tgz",
      "integrity": "sha512-otNN98PWmSXajkRae+uhAU471uhTGHZGRmsYh+mKa/jw1R5Kqcdyf2RXMqcWBETT66LjIVk88k9w14W2x70l/g==",
      "dependencies": {
        "semver-compare": "^1.0.0"
      },
      "peerDependencies": {
        "three": ">=0.133.0"
      }
    },
    "node_modules/semver-compare": {
      "version": "1.0.0",
      "resolved": "https://registry.npmjs.org/semver-compare/-/semver-compare-1.0.0.tgz",
      "integrity": "sha512-YM3/ITh2MJ5MtzaM429anh+x2jiLVjqILF4m4oyQB18W7Ggea7BfqdH/wGMK7dDiMghv/6WG7znWMwUDzJiXow=="
    },
    "node_modules/three": {
      "version": "0.166.0",
      "resolved": "https://registry.npmjs.org/three/-/three-0.166.0.tgz",
      "integrity": "sha512-3Gw7oyZ/vCmz3RmNx1xuyNu7Ou/igDtoh953QsJh/QkAoi6B7jpkKwk05N8Y7/9bZeIE44zdC+i2KZNF+KWQ8A=="
    }
  }
}
